
Microsoft Visual Studio Solution File, Format Version 12.00
# Visual Studio 2012
VisualStudioVersion = 14.0.25123.0
MinimumVisualStudioVersion = 10.0.40219.1
Project("{FAE04EC0-301F-11D3-BF4B-00C04F79EFBC}") = "PagarMePoCs.Net", "PagarMe.Net.PoCs\PagarMePoCs.Net.csproj", "{B3415153-ED57-4519-89E7-C76D7712971D}"
EndProject
Global
	GlobalSection(SolutionConfigurationPlatforms) = preSolution
		Debug|Any CPU = Debug|Any CPU
		Release|Any CPU = Release|Any CPU
	EndGlobalSection
	GlobalSection(ProjectConfigurationPlatforms) = postSolution
		{B3415153-ED57-4519-89E7-C76D7712971D}.Debug|Any CPU.ActiveCfg = Debug|Any CPU
		{B3415153-ED57-4519-89E7-C76D7712971D}.Debug|Any CPU.Build.0 = Debug|Any CPU
		{B3415153-ED57-4519-89E7-C76D7712971D}.Release|Any CPU.ActiveCfg = Release|Any CPU
		{B3415153-ED57-4519-89E7-C76D7712971D}.Release|Any CPU.Build.0 = Release|Any CPU
	EndGlobalSection
	GlobalSection(SolutionProperties) = preSolution
		HideSolutionNode = FALSE
	EndGlobalSection
EndGlobal
